
Microsoft Visual Studio Solution File, Format Version 12.00
# Visual Studio Version 17
VisualStudioVersion = 17.14.36429.23 d17.14
MinimumVisualStudioVersion = 10.0.40219.1
Project("{FAE04EC0-301F-11D3-BF4B-00C04F79EFBC}") = "ChangeLetters.IntegrationTests", "ChangeLetters.IntegrationTests.csproj", "{84091424-FF68-4B0B-A3B6-FAC1C21F7D50}"
EndProject
Project("{FAE04EC0-301F-11D3-BF4B-00C04F79EFBC}") = "ChangeLetters.DTOs", "..\ChangeLetters.DTOs\ChangeLetters.DTOs.csproj", "{AEEA5446-611E-2131-337D-BB389C315B4D}"
EndProject
Global
	GlobalSection(SolutionConfigurationPlatforms) = preSolution
		Debug|Any CPU = Debug|Any CPU
		Release|Any CPU = Release|Any CPU
	EndGlobalSection
	GlobalSection(ProjectConfigurationPlatforms) = postSolution
		{84091424-FF68-4B0B-A3B6-FAC1C21F7D50}.Debug|Any CPU.ActiveCfg = Debug|Any CPU
		{84091424-FF68-4B0B-A3B6-FAC1C21F7D50}.Debug|Any CPU.Build.0 = Debug|Any CPU
		{84091424-FF68-4B0B-A3B6-FAC1C21F7D50}.Release|Any CPU.ActiveCfg = Release|Any CPU
		{84091424-FF68-4B0B-A3B6-FAC1C21F7D50}.Release|Any CPU.Build.0 = Release|Any CPU
		{AEEA5446-611E-2131-337D-BB389C315B4D}.Debug|Any CPU.ActiveCfg = Debug|Any CPU
		{AEEA5446-611E-2131-337D-BB389C315B4D}.Debug|Any CPU.Build.0 = Debug|Any CPU
		{AEEA5446-611E-2131-337D-BB389C315B4D}.Release|Any CPU.ActiveCfg = Release|Any CPU
		{AEEA5446-611E-2131-337D-BB389C315B4D}.Release|Any CPU.Build.0 = Release|Any CPU
	EndGlobalSection
	GlobalSection(SolutionProperties) = preSolution
		HideSolutionNode = FALSE
	EndGlobalSection
	GlobalSection(ExtensibilityGlobals) = postSolution
		SolutionGuid = {9521310D-0115-44ED-838F-B6AE75C08E34}
	EndGlobalSection
EndGlobal
