
Microsoft Visual Studio Solution File, Format Version 12.00
# Visual Studio Version 17
VisualStudioVersion = 17.14.36327.8
MinimumVisualStudioVersion = 10.0.40219.1
Project("{FAE04EC0-301F-11D3-BF4B-00C04F79EFBC}") = "ChangeLetters.Host", "ChangeLetters.Host\ChangeLetters.Host.csproj", "{0AC7BF90-73BF-44B3-B865-C6F1E4D49E5A}"
EndProject
Project("{FAE04EC0-301F-11D3-BF4B-00C04F79EFBC}") = "ChangeLetters.Client", "ChangeLetters.Client\ChangeLetters.Client.csproj", "{EB5D8BCE-4CCB-43FF-AA0A-2EBFDCD2CBFA}"
EndProject
Project("{FAE04EC0-301F-11D3-BF4B-00C04F79EFBC}") = "ChangeLetters.Shared", "ChangeLetters.Shared\ChangeLetters.Shared.csproj", "{0868DC22-4DF5-468D-AD9F-5B9AA24B1AAB}"
EndProject
Project("{FAE04EC0-301F-11D3-BF4B-00C04F79EFBC}") = "ChangeLetters.Tests", "ChangeLetters.Tests\ChangeLetters.Tests.csproj", "{06ADEF29-F7F7-4A75-981A-2444FCBB54D7}"
EndProject
Project("{FAE04EC0-301F-11D3-BF4B-00C04F79EFBC}") = "ChangeLetters.SignalR", "ChangeLetters.SignalR\ChangeLetters.SignalR.csproj", "{D3057A25-295D-472F-AF1F-2E398B534397}"
EndProject
Project("{2150E333-8FDC-42A3-9474-1A3956D46DE8}") = "IntegrationTests", "IntegrationTests", "{02EA681E-C7D8-13C7-8484-4AC65E1B71E8}"
	ProjectSection(SolutionItems) = preProject
		ChangeLetters.IntegrationTests\docker-compose.yml = ChangeLetters.IntegrationTests\docker-compose.yml
	EndProjectSection
EndProject
Project("{E53339B2-1760-4266-BCC7-CA923CBCF16C}") = "docker-compose", "docker-compose.dcproj", "{81DDED9D-158B-E303-5F62-77A2896D2A5A}"
EndProject
Project("{2150E333-8FDC-42A3-9474-1A3956D46DE8}") = "Server", "Server", "{75A192D3-6011-42F6-AA0E-5919F6EDDCB5}"
EndProject
Project("{2150E333-8FDC-42A3-9474-1A3956D46DE8}") = "Client", "Client", "{5D05E41B-5BF9-4325-8A1E-6935BBD5682F}"
EndProject
Project("{FAE04EC0-301F-11D3-BF4B-00C04F79EFBC}") = "ChangeLetters.Database.Sqlite", "ChangeLetters.Database.Sqlite\ChangeLetters.Database.Sqlite.csproj", "{09FB4290-4034-48D1-9BDD-838A423F6665}"
EndProject
Project("{2150E333-8FDC-42A3-9474-1A3956D46DE8}") = "Infrastructure", "Infrastructure", "{7838A54A-6F9A-4847-996C-4F9FB0A550C7}"
EndProject
Project("{FAE04EC0-301F-11D3-BF4B-00C04F79EFBC}") = "ChangeLetters.Database", "ChangeLetters.Database\ChangeLetters.Database.csproj", "{C99B8751-7E0B-43E2-B696-50CC0DFB802E}"
EndProject
Project("{FAE04EC0-301F-11D3-BF4B-00C04F79EFBC}") = "ChangeLetters.Database.Manager", "ChangeLetters.Database.Manager\ChangeLetters.Database.Manager.csproj", "{AA61EB9E-D47B-40CA-BFC2-AA6D7FCB29C5}"
EndProject
Project("{FAE04EC0-301F-11D3-BF4B-00C04F79EFBC}") = "ChangeLetters.Models", "ChangeLetters.Models\ChangeLetters.Models.csproj", "{86085049-AFE7-DE30-5460-C554B7BD168E}"
EndProject
Project("{FAE04EC0-301F-11D3-BF4B-00C04F79EFBC}") = "ChangeLetters.Domain", "ChangeLetters.Domain\ChangeLetters.Domain.csproj", "{BDDBFB9F-299B-41B9-9E31-71DC429BF2FC}"
EndProject
Project("{FAE04EC0-301F-11D3-BF4B-00C04F79EFBC}") = "ChangeLetters.Application.Http", "..\ChangeLetters.Application.Http\ChangeLetters.Application.Http.csproj", "{0F15FB5A-221F-4533-A3F5-BFE9A63B9E5A}"
EndProject
Global
	GlobalSection(SolutionConfigurationPlatforms) = preSolution
		Debug|Any CPU = Debug|Any CPU
		Release|Any CPU = Release|Any CPU
	EndGlobalSection
	GlobalSection(ProjectConfigurationPlatforms) = postSolution
		{0AC7BF90-73BF-44B3-B865-C6F1E4D49E5A}.Debug|Any CPU.ActiveCfg = Debug|Any CPU
		{0AC7BF90-73BF-44B3-B865-C6F1E4D49E5A}.Debug|Any CPU.Build.0 = Debug|Any CPU
		{0AC7BF90-73BF-44B3-B865-C6F1E4D49E5A}.Release|Any CPU.ActiveCfg = Release|Any CPU
		{0AC7BF90-73BF-44B3-B865-C6F1E4D49E5A}.Release|Any CPU.Build.0 = Release|Any CPU
		{EB5D8BCE-4CCB-43FF-AA0A-2EBFDCD2CBFA}.Debug|Any CPU.ActiveCfg = Debug|Any CPU
		{EB5D8BCE-4CCB-43FF-AA0A-2EBFDCD2CBFA}.Debug|Any CPU.Build.0 = Debug|Any CPU
		{EB5D8BCE-4CCB-43FF-AA0A-2EBFDCD2CBFA}.Release|Any CPU.ActiveCfg = Release|Any CPU
		{EB5D8BCE-4CCB-43FF-AA0A-2EBFDCD2CBFA}.Release|Any CPU.Build.0 = Release|Any CPU
		{0868DC22-4DF5-468D-AD9F-5B9AA24B1AAB}.Debug|Any CPU.ActiveCfg = Debug|Any CPU
		{0868DC22-4DF5-468D-AD9F-5B9AA24B1AAB}.Debug|Any CPU.Build.0 = Debug|Any CPU
		{0868DC22-4DF5-468D-AD9F-5B9AA24B1AAB}.Release|Any CPU.ActiveCfg = Release|Any CPU
		{0868DC22-4DF5-468D-AD9F-5B9AA24B1AAB}.Release|Any CPU.Build.0 = Release|Any CPU
		{06ADEF29-F7F7-4A75-981A-2444FCBB54D7}.Debug|Any CPU.ActiveCfg = Debug|Any CPU
		{06ADEF29-F7F7-4A75-981A-2444FCBB54D7}.Debug|Any CPU.Build.0 = Debug|Any CPU
		{06ADEF29-F7F7-4A75-981A-2444FCBB54D7}.Release|Any CPU.ActiveCfg = Release|Any CPU
		{06ADEF29-F7F7-4A75-981A-2444FCBB54D7}.Release|Any CPU.Build.0 = Release|Any CPU
		{D3057A25-295D-472F-AF1F-2E398B534397}.Debug|Any CPU.ActiveCfg = Debug|Any CPU
		{D3057A25-295D-472F-AF1F-2E398B534397}.Debug|Any CPU.Build.0 = Debug|Any CPU
		{D3057A25-295D-472F-AF1F-2E398B534397}.Release|Any CPU.ActiveCfg = Release|Any CPU
		{D3057A25-295D-472F-AF1F-2E398B534397}.Release|Any CPU.Build.0 = Release|Any CPU
		{81DDED9D-158B-E303-5F62-77A2896D2A5A}.Debug|Any CPU.ActiveCfg = Debug|Any CPU
		{81DDED9D-158B-E303-5F62-77A2896D2A5A}.Debug|Any CPU.Build.0 = Debug|Any CPU
		{81DDED9D-158B-E303-5F62-77A2896D2A5A}.Release|Any CPU.ActiveCfg = Release|Any CPU
		{81DDED9D-158B-E303-5F62-77A2896D2A5A}.Release|Any CPU.Build.0 = Release|Any CPU
		{09FB4290-4034-48D1-9BDD-838A423F6665}.Debug|Any CPU.ActiveCfg = Debug|Any CPU
		{09FB4290-4034-48D1-9BDD-838A423F6665}.Debug|Any CPU.Build.0 = Debug|Any CPU
		{09FB4290-4034-48D1-9BDD-838A423F6665}.Release|Any CPU.ActiveCfg = Release|Any CPU
		{09FB4290-4034-48D1-9BDD-838A423F6665}.Release|Any CPU.Build.0 = Release|Any CPU
		{C99B8751-7E0B-43E2-B696-50CC0DFB802E}.Debug|Any CPU.ActiveCfg = Debug|Any CPU
		{C99B8751-7E0B-43E2-B696-50CC0DFB802E}.Debug|Any CPU.Build.0 = Debug|Any CPU
		{C99B8751-7E0B-43E2-B696-50CC0DFB802E}.Release|Any CPU.ActiveCfg = Release|Any CPU
		{C99B8751-7E0B-43E2-B696-50CC0DFB802E}.Release|Any CPU.Build.0 = Release|Any CPU
		{AA61EB9E-D47B-40CA-BFC2-AA6D7FCB29C5}.Debug|Any CPU.ActiveCfg = Debug|Any CPU
		{AA61EB9E-D47B-40CA-BFC2-AA6D7FCB29C5}.Debug|Any CPU.Build.0 = Debug|Any CPU
		{AA61EB9E-D47B-40CA-BFC2-AA6D7FCB29C5}.Release|Any CPU.ActiveCfg = Release|Any CPU
		{AA61EB9E-D47B-40CA-BFC2-AA6D7FCB29C5}.Release|Any CPU.Build.0 = Release|Any CPU
		{86085049-AFE7-DE30-5460-C554B7BD168E}.Debug|Any CPU.ActiveCfg = Debug|Any CPU
		{86085049-AFE7-DE30-5460-C554B7BD168E}.Debug|Any CPU.Build.0 = Debug|Any CPU
		{86085049-AFE7-DE30-5460-C554B7BD168E}.Release|Any CPU.ActiveCfg = Release|Any CPU
		{86085049-AFE7-DE30-5460-C554B7BD168E}.Release|Any CPU.Build.0 = Release|Any CPU
		{BDDBFB9F-299B-41B9-9E31-71DC429BF2FC}.Debug|Any CPU.ActiveCfg = Debug|Any CPU
		{BDDBFB9F-299B-41B9-9E31-71DC429BF2FC}.Debug|Any CPU.Build.0 = Debug|Any CPU
		{BDDBFB9F-299B-41B9-9E31-71DC429BF2FC}.Release|Any CPU.ActiveCfg = Release|Any CPU
		{BDDBFB9F-299B-41B9-9E31-71DC429BF2FC}.Release|Any CPU.Build.0 = Release|Any CPU
		{0F15FB5A-221F-4533-A3F5-BFE9A63B9E5A}.Debug|Any CPU.ActiveCfg = Debug|Any CPU
		{0F15FB5A-221F-4533-A3F5-BFE9A63B9E5A}.Debug|Any CPU.Build.0 = Debug|Any CPU
		{0F15FB5A-221F-4533-A3F5-BFE9A63B9E5A}.Release|Any CPU.ActiveCfg = Release|Any CPU
		{0F15FB5A-221F-4533-A3F5-BFE9A63B9E5A}.Release|Any CPU.Build.0 = Release|Any CPU
	EndGlobalSection
	GlobalSection(SolutionProperties) = preSolution
		HideSolutionNode = FALSE
	EndGlobalSection
	GlobalSection(NestedProjects) = preSolution
		{0AC7BF90-73BF-44B3-B865-C6F1E4D49E5A} = {75A192D3-6011-42F6-AA0E-5919F6EDDCB5}
		{EB5D8BCE-4CCB-43FF-AA0A-2EBFDCD2CBFA} = {5D05E41B-5BF9-4325-8A1E-6935BBD5682F}
		{D3057A25-295D-472F-AF1F-2E398B534397} = {75A192D3-6011-42F6-AA0E-5919F6EDDCB5}
		{09FB4290-4034-48D1-9BDD-838A423F6665} = {7838A54A-6F9A-4847-996C-4F9FB0A550C7}
		{7838A54A-6F9A-4847-996C-4F9FB0A550C7} = {75A192D3-6011-42F6-AA0E-5919F6EDDCB5}
		{C99B8751-7E0B-43E2-B696-50CC0DFB802E} = {7838A54A-6F9A-4847-996C-4F9FB0A550C7}
		{AA61EB9E-D47B-40CA-BFC2-AA6D7FCB29C5} = {7838A54A-6F9A-4847-996C-4F9FB0A550C7}
		{86085049-AFE7-DE30-5460-C554B7BD168E} = {75A192D3-6011-42F6-AA0E-5919F6EDDCB5}
		{BDDBFB9F-299B-41B9-9E31-71DC429BF2FC} = {75A192D3-6011-42F6-AA0E-5919F6EDDCB5}
		{0F15FB5A-221F-4533-A3F5-BFE9A63B9E5A} = {75A192D3-6011-42F6-AA0E-5919F6EDDCB5}
	EndGlobalSection
	GlobalSection(ExtensibilityGlobals) = postSolution
		SolutionGuid = {744789AE-904F-4A93-AF69-85BB2B8F205E}
	EndGlobalSection
EndGlobal
